version: 2.0
shards:
  exception_page:
    git: https://github.com/crystal-loot/exception_page.git
    version: 0.1.4

  kemal:
    git: https://github.com/kemalcr/kemal.git
    version: 0.27.0+git.commit.2d46beea5debefbb836a7e148a8e24452608471b

  kemal-flash:
    git: https://github.com/Nephos/kemal-flash.git
    version: 0.1.0+git.commit.d1ea6ce9caaed840a062e07a9223cc404cf3adc7

  kemal-session:
    git: https://github.com/kemalcr/kemal-session.git
    version: 0.13.0+git.commit.51244a899f9004082a5f58fa8fdb4be0eb5bd530

  kilt:
    git: https://github.com/jeromegn/kilt.git
    version: 0.4.0

  markd:
    git: https://github.com/icyleaf/markd.git
    version: 0.3.0+git.commit.5d5087e4c3be46e499966cc493b594b819f64c63

  radix:
    git: https://github.com/luislavena/radix.git
    version: 0.4.0

  slang:
    git: https://github.com/jeromegn/slang.git
    version: 1.7.2+git.commit.9b41cef0ddf2cd5ba34094742e954570f170c284

