version: 2.0
shards:
  backtracer:
    git: https://github.com/sija/backtracer.cr.git
    version: 1.2.1

  exception_page:
    git: https://github.com/crystal-loot/exception_page.git
    version: 0.2.0

  kemal:
    git: https://github.com/kemalcr/kemal.git
    version: 1.1.0+git.commit.5e2efec0503622267b57d03fe7d5151000d3bf47

  kemal-flash:
    git: https://github.com/nephos/kemal-flash.git
    version: 0.1.0+git.commit.d1ea6ce9caaed840a062e07a9223cc404cf3adc7

  kemal-session:
    git: https://github.com/kemalcr/kemal-session.git
    version: 1.0.0+git.commit.2ebaf68ed48da763a9cdd0f8dcbc6347981e115d

  markd:
    git: https://github.com/icyleaf/markd.git
    version: 0.4.1+git.commit.0748b227595fd6ad15174d4e2f6308049eaaa8a6

  radix:
    git: https://github.com/luislavena/radix.git
    version: 0.4.1

  slang:
    git: https://github.com/jeromegn/slang.git
    version: 1.7.3+git.commit.901df64c9a1c1df91d3acd00762509c9b6d3cfd8

